
Microsoft Visual Studio Solution File, Format Version 12.00
# Visual Studio 2013
VisualStudioVersion = 12.0.31101.0
MinimumVisualStudioVersion = 10.0.40219.1
Project("{581633EB-B896-402F-8E60-36F3DA191C85}") = "SwitchSilver-CoursePlanner", "SwitchSilver-CoursePlanner\SwitchSilver-CoursePlanner.lsxtproj", "{92DE2438-7AA9-4F87-BC25-276E29FF8E9C}"
EndProject
Project("{FAE04EC0-301F-11D3-BF4B-00C04F79EFBC}") = "SwitchSilver-CoursePlanner.Server", "SwitchSilver-CoursePlanner\SwitchSilver-CoursePlanner.Server\SwitchSilver-CoursePlanner.Server.csproj", "{F74E05A1-FF70-4E10-96A0-FAED208B09F0}"
EndProject
Project("{FAE04EC0-301F-11D3-BF4B-00C04F79EFBC}") = "SwitchSilver-CoursePlanner.DesktopClient", "SwitchSilver-CoursePlanner\SwitchSilver-CoursePlanner.DesktopClient\SwitchSilver-CoursePlanner.DesktopClient.csproj", "{C56D0B5C-771B-4874-80FE-906CEE85D444}"
EndProject
Global
	GlobalSection(SolutionConfigurationPlatforms) = preSolution
		Debug|Any CPU = Debug|Any CPU
		Release|Any CPU = Release|Any CPU
	EndGlobalSection
	GlobalSection(ProjectConfigurationPlatforms) = postSolution
		{92DE2438-7AA9-4F87-BC25-276E29FF8E9C}.Debug|Any CPU.ActiveCfg = Debug|Any CPU
		{92DE2438-7AA9-4F87-BC25-276E29FF8E9C}.Debug|Any CPU.Build.0 = Debug|Any CPU
		{92DE2438-7AA9-4F87-BC25-276E29FF8E9C}.Release|Any CPU.ActiveCfg = Release|Any CPU
		{92DE2438-7AA9-4F87-BC25-276E29FF8E9C}.Release|Any CPU.Build.0 = Release|Any CPU
		{F74E05A1-FF70-4E10-96A0-FAED208B09F0}.Debug|Any CPU.ActiveCfg = Debug|Any CPU
		{F74E05A1-FF70-4E10-96A0-FAED208B09F0}.Debug|Any CPU.Build.0 = Debug|Any CPU
		{F74E05A1-FF70-4E10-96A0-FAED208B09F0}.Release|Any CPU.ActiveCfg = Release|Any CPU
		{F74E05A1-FF70-4E10-96A0-FAED208B09F0}.Release|Any CPU.Build.0 = Release|Any CPU
		{C56D0B5C-771B-4874-80FE-906CEE85D444}.Debug|Any CPU.ActiveCfg = Debug|Any CPU
		{C56D0B5C-771B-4874-80FE-906CEE85D444}.Debug|Any CPU.Build.0 = Debug|Any CPU
		{C56D0B5C-771B-4874-80FE-906CEE85D444}.Release|Any CPU.ActiveCfg = Release|Any CPU
		{C56D0B5C-771B-4874-80FE-906CEE85D444}.Release|Any CPU.Build.0 = Release|Any CPU
	EndGlobalSection
	GlobalSection(SolutionProperties) = preSolution
		HideSolutionNode = FALSE
	EndGlobalSection
EndGlobal
